// !$*UTF8*$!
{
	archiveVersion = 1;
	classes = {
	};
	objectVersion = 56;
	objects = {

/* Begin PBXBuildFile section */
		16F2B805291B102A00DF8A6B /* WeatheryApp.swift in Sources */ = {isa = PBXBuildFile; fileRef = 16F2B804291B102A00DF8A6B /* WeatheryApp.swift */; };
		16F2B807291B102A00DF8A6B /* ContentView.swift in Sources */ = {isa = PBXBuildFile; fileRef = 16F2B806291B102A00DF8A6B /* ContentView.swift */; };
		16F2B809291B102D00DF8A6B /* Assets.xcassets in Resources */ = {isa = PBXBuildFile; fileRef = 16F2B808291B102D00DF8A6B /* Assets.xcassets */; };
		16F2B80C291B102D00DF8A6B /* Preview Assets.xcassets in Resources */ = {isa = PBXBuildFile; fileRef = 16F2B80B291B102D00DF8A6B /* Preview Assets.xcassets */; };
		16F2B816291B107D00DF8A6B /* WeatherService.swift in Sources */ = {isa = PBXBuildFile; fileRef = 16F2B815291B107D00DF8A6B /* WeatherService.swift */; };
		16F2B818291B10C800DF8A6B /* WeatherModels.swift in Sources */ = {isa = PBXBuildFile; fileRef = 16F2B817291B10C800DF8A6B /* WeatherModels.swift */; };
		16F2B81A291B11F700DF8A6B /* WeatherDataViewModel.swift in Sources */ = {isa = PBXBuildFile; fileRef = 16F2B819291B11F700DF8A6B /* WeatherDataViewModel.swift */; };
		16F2B81C291B18C200DF8A6B /* CityWeatherVM.swift in Sources */ = {isa = PBXBuildFile; fileRef = 16F2B81B291B18C200DF8A6B /* CityWeatherVM.swift */; };
		16F2B81E291B19A100DF8A6B /* CityWeatherView.swift in Sources */ = {isa = PBXBuildFile; fileRef = 16F2B81D291B19A100DF8A6B /* CityWeatherView.swift */; };
/* End PBXBuildFile section */

/* Begin PBXFileReference section */
		16F2B801291B102A00DF8A6B /* Weathery.app */ = {isa = PBXFileReference; explicitFileType = wrapper.application; includeInIndex = 0; path = Weathery.app; sourceTree = BUILT_PRODUCTS_DIR; };
		16F2B804291B102A00DF8A6B /* WeatheryApp.swift */ = {isa = PBXFileReference; lastKnownFileType = sourcecode.swift; path = WeatheryApp.swift; sourceTree = "<group>"; };
		16F2B806291B102A00DF8A6B /* ContentView.swift */ = {isa = PBXFileReference; lastKnownFileType = sourcecode.swift; path = ContentView.swift; sourceTree = "<group>"; };
		16F2B808291B102D00DF8A6B /* Assets.xcassets */ = {isa = PBXFileReference; lastKnownFileType = folder.assetcatalog; path = Assets.xcassets; sourceTree = "<group>"; };
		16F2B80B291B102D00DF8A6B /* Preview Assets.xcassets */ = {isa = PBXFileReference; lastKnownFileType = folder.assetcatalog; path = "Preview Assets.xcassets"; sourceTree = "<group>"; };
		16F2B815291B107D00DF8A6B /* WeatherService.swift */ = {isa = PBXFileReference; lastKnownFileType = sourcecode.swift; path = WeatherService.swift; sourceTree = "<group>"; };
		16F2B817291B10C800DF8A6B /* WeatherModels.swift */ = {isa = PBXFileReference; lastKnownFileType = sourcecode.swift; path = WeatherModels.swift; sourceTree = "<group>"; };
		16F2B819291B11F700DF8A6B /* WeatherDataViewModel.swift */ = {isa = PBXFileReference; lastKnownFileType = sourcecode.swift; path = WeatherDataViewModel.swift; sourceTree = "<group>"; };
		16F2B81B291B18C200DF8A6B /* CityWeatherVM.swift */ = {isa = PBXFileReference; lastKnownFileType = sourcecode.swift; path = CityWeatherVM.swift; sourceTree = "<group>"; };
		16F2B81D291B19A100DF8A6B /* CityWeatherView.swift */ = {isa = PBXFileReference; lastKnownFileType = sourcecode.swift; path = CityWeatherView.swift; sourceTree = "<group>"; };
/* End PBXFileReference section */

/* Begin PBXFrameworksBuildPhase section */
		16F2B7FE291B102A00DF8A6B /* Frameworks */ = {
			isa = PBXFrameworksBuildPhase;
			buildActionMask = 2147483647;
			files = (
			);
			runOnlyForDeploymentPostprocessing = 0;
		};
/* End PBXFrameworksBuildPhase section */

/* Begin PBXGroup section */
		16F2B7F8291B102A00DF8A6B = {
			isa = PBXGroup;
			children = (
				16F2B803291B102A00DF8A6B /* Weathery */,
				16F2B802291B102A00DF8A6B /* Products */,
			);
			sourceTree = "<group>";
		};
		16F2B802291B102A00DF8A6B /* Products */ = {
			isa = PBXGroup;
			children = (
				16F2B801291B102A00DF8A6B /* Weathery.app */,
			);
			name = Products;
			sourceTree = "<group>";
		};
		16F2B803291B102A00DF8A6B /* Weathery */ = {
			isa = PBXGroup;
			children = (
				16F2B804291B102A00DF8A6B /* WeatheryApp.swift */,
				16F2B812291B103400DF8A6B /* View */,
				16F2B813291B104000DF8A6B /* Model */,
				16F2B814291B104500DF8A6B /* ViewModel */,
				16F2B808291B102D00DF8A6B /* Assets.xcassets */,
				16F2B80A291B102D00DF8A6B /* Preview Content */,
			);
			path = Weathery;
			sourceTree = "<group>";
		};
		16F2B80A291B102D00DF8A6B /* Preview Content */ = {
			isa = PBXGroup;
			children = (
				16F2B80B291B102D00DF8A6B /* Preview Assets.xcassets */,
			);
			path = "Preview Content";
			sourceTree = "<group>";
		};
		16F2B812291B103400DF8A6B /* View */ = {
			isa = PBXGroup;
			children = (
				16F2B806291B102A00DF8A6B /* ContentView.swift */,
				16F2B81D291B19A100DF8A6B /* CityWeatherView.swift */,
			);
			path = View;
			sourceTree = "<group>";
		};
		16F2B813291B104000DF8A6B /* Model */ = {
			isa = PBXGroup;
			children = (
				16F2B815291B107D00DF8A6B /* WeatherService.swift */,
				16F2B817291B10C800DF8A6B /* WeatherModels.swift */,
			);
			path = Model;
			sourceTree = "<group>";
		};
		16F2B814291B104500DF8A6B /* ViewModel */ = {
			isa = PBXGroup;
			children = (
				16F2B819291B11F700DF8A6B /* WeatherDataViewModel.swift */,
				16F2B81B291B18C200DF8A6B /* CityWeatherVM.swift */,
			);
			path = ViewModel;
			sourceTree = "<group>";
		};
/* End PBXGroup section */

/* Begin PBXNativeTarget section */
		16F2B800291B102A00DF8A6B /* Weathery */ = {
			isa = PBXNativeTarget;
			buildConfigurationList = 16F2B80F291B102D00DF8A6B /* Build configuration list for PBXNativeTarget "Weathery" */;
			buildPhases = (
				16F2B7FD291B102A00DF8A6B /* Sources */,
				16F2B7FE291B102A00DF8A6B /* Frameworks */,
				16F2B7FF291B102A00DF8A6B /* Resources */,
			);
			buildRules = (
			);
			dependencies = (
			);
			name = Weathery;
			productName = Weathery;
			productReference = 16F2B801291B102A00DF8A6B /* Weathery.app */;
			productType = "com.apple.product-type.application";
		};
/* End PBXNativeTarget section */

/* Begin PBXProject section */
		16F2B7F9291B102A00DF8A6B /* Project object */ = {
			isa = PBXProject;
			attributes = {
				BuildIndependentTargetsInParallel = 1;
				LastSwiftUpdateCheck = 1400;
				LastUpgradeCheck = 1400;
				TargetAttributes = {
					16F2B800291B102A00DF8A6B = {
						CreatedOnToolsVersion = 14.0;
					};
				};
			};
			buildConfigurationList = 16F2B7FC291B102A00DF8A6B /* Build configuration list for PBXProject "Weathery" */;
			compatibilityVersion = "Xcode 14.0";
			developmentRegion = en;
			hasScannedForEncodings = 0;
			knownRegions = (
				en,
				Base,
			);
			mainGroup = 16F2B7F8291B102A00DF8A6B;
			productRefGroup = 16F2B802291B102A00DF8A6B /* Products */;
			projectDirPath = "";
			projectRoot = "";
			targets = (
				16F2B800291B102A00DF8A6B /* Weathery */,
			);
		};
/* End PBXProject section */

/* Begin PBXResourcesBuildPhase section */
		16F2B7FF291B102A00DF8A6B /* Resources */ = {
			isa = PBXResourcesBuildPhase;
			buildActionMask = 2147483647;
			files = (
				16F2B80C291B102D00DF8A6B /* Preview Assets.xcassets in Resources */,
				16F2B809291B102D00DF8A6B /* Assets.xcassets in Resources */,
			);
			runOnlyForDeploymentPostprocessing = 0;
		};
/* End PBXResourcesBuildPhase section */

/* Begin PBXSourcesBuildPhase section */
		16F2B7FD291B102A00DF8A6B /* Sources */ = {
			isa = PBXSourcesBuildPhase;
			buildActionMask = 2147483647;
			files = (
				16F2B81E291B19A100DF8A6B /* CityWeatherView.swift in Sources */,
				16F2B81A291B11F700DF8A6B /* WeatherDataViewModel.swift in Sources */,
				16F2B81C291B18C200DF8A6B /* CityWeatherVM.swift in Sources */,
				16F2B807291B102A00DF8A6B /* ContentView.swift in Sources */,
				16F2B816291B107D00DF8A6B /* WeatherService.swift in Sources */,
				16F2B818291B10C800DF8A6B /* WeatherModels.swift in Sources */,
				16F2B805291B102A00DF8A6B /* WeatheryApp.swift in Sources */,
			);
			runOnlyForDeploymentPostprocessing = 0;
		};
/* End PBXSourcesBuildPhase section */

/* Begin XCBuildConfiguration section */
		16F2B80D291B102D00DF8A6B /* Debug */ = {
			isa = XCBuildConfiguration;
			buildSettings = {
				ALWAYS_SEARCH_USER_PATHS = NO;
				CLANG_ANALYZER_NONNULL = YES;
				CLANG_ANALYZER_NUMBER_OBJECT_CONVERSION = YES_AGGRESSIVE;
				CLANG_CXX_LANGUAGE_STANDARD = "gnu++20";
				CLANG_ENABLE_MODULES = YES;
				CLANG_ENABLE_OBJC_ARC = YES;
				CLANG_ENABLE_OBJC_WEAK = YES;
				CLANG_WARN_BLOCK_CAPTURE_AUTORELEASING = YES;
				CLANG_WARN_BOOL_CONVERSION = YES;
				CLANG_WARN_COMMA = YES;
				CLANG_WARN_CONSTANT_CONVERSION = YES;
				CLANG_WARN_DEPRECATED_OBJC_IMPLEMENTATIONS = YES;
				CLANG_WARN_DIRECT_OBJC_ISA_USAGE = YES_ERROR;
				CLANG_WARN_DOCUMENTATION_COMMENTS = YES;
				CLANG_WARN_EMPTY_BODY = YES;
				CLANG_WARN_ENUM_CONVERSION = YES;
				CLANG_WARN_INFINITE_RECURSION = YES;
				CLANG_WARN_INT_CONVERSION = YES;
				CLANG_WARN_NON_LITERAL_NULL_CONVERSION = YES;
				CLANG_WARN_OBJC_IMPLICIT_RETAIN_SELF = YES;
				CLANG_WARN_OBJC_LITERAL_CONVERSION = YES;
				CLANG_WARN_OBJC_ROOT_CLASS = YES_ERROR;
				CLANG_WARN_QUOTED_INCLUDE_IN_FRAMEWORK_HEADER = YES;
				CLANG_WARN_RANGE_LOOP_ANALYSIS = YES;
				CLANG_WARN_STRICT_PROTOTYPES = YES;
				CLANG_WARN_SUSPICIOUS_MOVE = YES;
				CLANG_WARN_UNGUARDED_AVAILABILITY = YES_AGGRESSIVE;
				CLANG_WARN_UNREACHABLE_CODE = YES;
				CLANG_WARN__DUPLICATE_METHOD_MATCH = YES;
				COPY_PHASE_STRIP = NO;
				DEBUG_INFORMATION_FORMAT = dwarf;
				ENABLE_STRICT_OBJC_MSGSEND = YES;
				ENABLE_TESTABILITY = YES;
				GCC_C_LANGUAGE_STANDARD = gnu11;
				GCC_DYNAMIC_NO_PIC = NO;
				GCC_NO_COMMON_BLOCKS = YES;
				GCC_OPTIMIZATION_LEVEL = 0;
				GCC_PREPROCESSOR_DEFINITIONS = (
					"DEBUG=1",
					"$(inherited)",
				);
				GCC_WARN_64_TO_32_BIT_CONVERSION = YES;
				GCC_WARN_ABOUT_RETURN_TYPE = YES_ERROR;
				GCC_WARN_UNDECLARED_SELECTOR = YES;
				GCC_WARN_UNINITIALIZED_AUTOS = YES_AGGRESSIVE;
				GCC_WARN_UNUSED_FUNCTION = YES;
				GCC_WARN_UNUSED_VARIABLE = YES;
				IPHONEOS_DEPLOYMENT_TARGET = 16.0;
				MTL_ENABLE_DEBUG_INFO = INCLUDE_SOURCE;
				MTL_FAST_MATH = YES;
				ONLY_ACTIVE_ARCH = YES;
				SDKROOT = iphoneos;
				SWIFT_ACTIVE_COMPILATION_CONDITIONS = DEBUG;
				SWIFT_OPTIMIZATION_LEVEL = "-Onone";
			};
			name = Debug;
		};
		16F2B80E291B102D00DF8A6B /* Release */ = {
			isa = XCBuildConfiguration;
			buildSettings = {
				ALWAYS_SEARCH_USER_PATHS = NO;
				CLANG_ANALYZER_NONNULL = YES;
				CLANG_ANALYZER_NUMBER_OBJECT_CONVERSION = YES_AGGRESSIVE;
				CLANG_CXX_LANGUAGE_STANDARD = "gnu++20";
				CLANG_ENABLE_MODULES = YES;
				CLANG_ENABLE_OBJC_ARC = YES;
				CLANG_ENABLE_OBJC_WEAK = YES;
				CLANG_WARN_BLOCK_CAPTURE_AUTORELEASING = YES;
				CLANG_WARN_BOOL_CONVERSION = YES;
				CLANG_WARN_COMMA = YES;
				CLANG_WARN_CONSTANT_CONVERSION = YES;
				CLANG_WARN_DEPRECATED_OBJC_IMPLEMENTATIONS = YES;
				CLANG_WARN_DIRECT_OBJC_ISA_USAGE = YES_ERROR;
				CLANG_WARN_DOCUMENTATION_COMMENTS = YES;
				CLANG_WARN_EMPTY_BODY = YES;
				CLANG_WARN_ENUM_CONVERSION = YES;
				CLANG_WARN_INFINITE_RECURSION = YES;
				CLANG_WARN_INT_CONVERSION = YES;
				CLANG_WARN_NON_LITERAL_NULL_CONVERSION = YES;
				CLANG_WARN_OBJC_IMPLICIT_RETAIN_SELF = YES;
				CLANG_WARN_OBJC_LITERAL_CONVERSION = YES;
				CLANG_WARN_OBJC_ROOT_CLASS = YES_ERROR;
				CLANG_WARN_QUOTED_INCLUDE_IN_FRAMEWORK_HEADER = YES;
				CLANG_WARN_RANGE_LOOP_ANALYSIS = YES;
				CLANG_WARN_STRICT_PROTOTYPES = YES;
				CLANG_WARN_SUSPICIOUS_MOVE = YES;
				CLANG_WARN_UNGUARDED_AVAILABILITY = YES_AGGRESSIVE;
				CLANG_WARN_UNREACHABLE_CODE = YES;
				CLANG_WARN__DUPLICATE_METHOD_MATCH = YES;
				COPY_PHASE_STRIP = NO;
				DEBUG_INFORMATION_FORMAT = "dwarf-with-dsym";
				ENABLE_NS_ASSERTIONS = NO;
				ENABLE_STRICT_OBJC_MSGSEND = YES;
				GCC_C_LANGUAGE_STANDARD = gnu11;
				GCC_NO_COMMON_BLOCKS = YES;
				GCC_WARN_64_TO_32_BIT_CONVERSION = YES;
				GCC_WARN_ABOUT_RETURN_TYPE = YES_ERROR;
				GCC_WARN_UNDECLARED_SELECTOR = YES;
				GCC_WARN_UNINITIALIZED_AUTOS = YES_AGGRESSIVE;
				GCC_WARN_UNUSED_FUNCTION = YES;
				GCC_WARN_UNUSED_VARIABLE = YES;
				IPHONEOS_DEPLOYMENT_TARGET = 16.0;
				MTL_ENABLE_DEBUG_INFO = NO;
				MTL_FAST_MATH = YES;
				SDKROOT = iphoneos;
				SWIFT_COMPILATION_MODE = wholemodule;
				SWIFT_OPTIMIZATION_LEVEL = "-O";
				VALIDATE_PRODUCT = YES;
			};
			name = Release;
		};
		16F2B810291B102D00DF8A6B /* Debug */ = {
			isa = XCBuildConfiguration;
			buildSettings = {
				ASSETCATALOG_COMPILER_APPICON_NAME = AppIcon;
				ASSETCATALOG_COMPILER_GLOBAL_ACCENT_COLOR_NAME = AccentColor;
				CODE_SIGN_STYLE = Automatic;
				CURRENT_PROJECT_VERSION = 1;
				DEVELOPMENT_ASSET_PATHS = "\"Weathery/Preview Content\"";
				DEVELOPMENT_TEAM = M23G284TD2;
				ENABLE_PREVIEWS = YES;
				GENERATE_INFOPLIST_FILE = YES;
				INFOPLIST_KEY_UIApplicationSceneManifest_Generation = YES;
				INFOPLIST_KEY_UIApplicationSupportsIndirectInputEvents = YES;
				INFOPLIST_KEY_UILaunchScreen_Generation = YES;
				INFOPLIST_KEY_UISupportedInterfaceOrientations_iPad = "UIInterfaceOrientationPortrait UIInterfaceOrientationPortraitUpsideDown UIInterfaceOrientationLandscapeLeft UIInterfaceOrientationLandscapeRight";
				INFOPLIST_KEY_UISupportedInterfaceOrientations_iPhone = "UIInterfaceOrientationPortrait UIInterfaceOrientationLandscapeLeft UIInterfaceOrientationLandscapeRight";
				LD_RUNPATH_SEARCH_PATHS = (
					"$(inherited)",
					"@executable_path/Frameworks",
				);
				MARKETING_VERSION = 1.0;
				PRODUCT_BUNDLE_IDENTIFIER = alecnipp.Weathery;
				PRODUCT_NAME = "$(TARGET_NAME)";
				SWIFT_EMIT_LOC_STRINGS = YES;
				SWIFT_VERSION = 5.0;
				TARGETED_DEVICE_FAMILY = "1,2";
			};
			name = Debug;
		};
		16F2B811291B102D00DF8A6B /* Release */ = {
			isa = XCBuildConfiguration;
			buildSettings = {
				ASSETCATALOG_COMPILER_APPICON_NAME = AppIcon;
				ASSETCATALOG_COMPILER_GLOBAL_ACCENT_COLOR_NAME = AccentColor;
				CODE_SIGN_STYLE = Automatic;
				CURRENT_PROJECT_VERSION = 1;
				DEVELOPMENT_ASSET_PATHS = "\"Weathery/Preview Content\"";
				DEVELOPMENT_TEAM = M23G284TD2;
				ENABLE_PREVIEWS = YES;
				GENERATE_INFOPLIST_FILE = YES;
				INFOPLIST_KEY_UIApplicationSceneManifest_Generation = YES;
				INFOPLIST_KEY_UIApplicationSupportsIndirectInputEvents = YES;
				INFOPLIST_KEY_UILaunchScreen_Generation = YES;
				INFOPLIST_KEY_UISupportedInterfaceOrientations_iPad = "UIInterfaceOrientationPortrait UIInterfaceOrientationPortraitUpsideDown UIInterfaceOrientationLandscapeLeft UIInterfaceOrientationLandscapeRight";
				INFOPLIST_KEY_UISupportedInterfaceOrientations_iPhone = "UIInterfaceOrientationPortrait UIInterfaceOrientationLandscapeLeft UIInterfaceOrientationLandscapeRight";
				LD_RUNPATH_SEARCH_PATHS = (
					"$(inherited)",
					"@executable_path/Frameworks",
				);
				MARKETING_VERSION = 1.0;
				PRODUCT_BUNDLE_IDENTIFIER = alecnipp.Weathery;
				PRODUCT_NAME = "$(TARGET_NAME)";
				SWIFT_EMIT_LOC_STRINGS = YES;
				SWIFT_VERSION = 5.0;
				TARGETED_DEVICE_FAMILY = "1,2";
			};
			name = Release;
		};
/* End XCBuildConfiguration section */

/* Begin XCConfigurationList section */
		16F2B7FC291B102A00DF8A6B /* Build configuration list for PBXProject "Weathery" */ = {
			isa = XCConfigurationList;
			buildConfigurations = (
				16F2B80D291B102D00DF8A6B /* Debug */,
				16F2B80E291B102D00DF8A6B /* Release */,
			);
			defaultConfigurationIsVisible = 0;
			defaultConfigurationName = Release;
		};
		16F2B80F291B102D00DF8A6B /* Build configuration list for PBXNativeTarget "Weathery" */ = {
			isa = XCConfigurationList;
			buildConfigurations = (
				16F2B810291B102D00DF8A6B /* Debug */,
				16F2B811291B102D00DF8A6B /* Release */,
			);
			defaultConfigurationIsVisible = 0;
			defaultConfigurationName = Release;
		};
/* End XCConfigurationList section */
	};
	rootObject = 16F2B7F9291B102A00DF8A6B /* Project object */;
}
